
Microsoft Visual Studio Solution File, Format Version 12.00
# Visual Studio Version 16
VisualStudioVersion = 25.0.1705.4
MinimumVisualStudioVersion = 10.0.40219.1
Project("{FAE04EC0-301F-11D3-BF4B-00C04F79EFBC}") = "Q2WebAPI", "Q2WebAPI.csproj", "{84651C62-A95F-48CA-883C-46A872F4C1E4}"
EndProject
Global
	GlobalSection(SolutionConfigurationPlatforms) = preSolution
		Debug|Any CPU = Debug|Any CPU
		Release|Any CPU = Release|Any CPU
	EndGlobalSection
	GlobalSection(ProjectConfigurationPlatforms) = postSolution
		{84651C62-A95F-48CA-883C-46A872F4C1E4}.Debug|Any CPU.ActiveCfg = Debug|Any CPU
		{84651C62-A95F-48CA-883C-46A872F4C1E4}.Debug|Any CPU.Build.0 = Debug|Any CPU
		{84651C62-A95F-48CA-883C-46A872F4C1E4}.Release|Any CPU.ActiveCfg = Release|Any CPU
		{84651C62-A95F-48CA-883C-46A872F4C1E4}.Release|Any CPU.Build.0 = Release|Any CPU
	EndGlobalSection
	GlobalSection(SolutionProperties) = preSolution
		HideSolutionNode = FALSE
	EndGlobalSection
	GlobalSection(ExtensibilityGlobals) = postSolution
		SolutionGuid = {F3DFF03F-07CF-4029-BFA3-182213F52295}
	EndGlobalSection
EndGlobal
